# This file is automatically @generated by Cargo.
# It is not intended for manual editing.
[[package]]
name = "bitvec"
version = "0.15.2"
source = "registry+https://github.com/rust-lang/crates.io-index"

[[package]]
name = "crate-uses-rust-toolchain"
version = "0.1.0"
dependencies = [
 "bitvec 0.15.2 (registry+https://github.com/rust-lang/crates.io-index)",
]

[metadata]
"checksum bitvec 0.15.2 (registry+https://github.com/rust-lang/crates.io-index)" = "a993f74b4c99c1908d156b8d2e0fb6277736b0ecbd833982fd1241d39b2766a6"
